
Microsoft Visual Studio Solution File, Format Version 12.00
# Visual Studio Version 17
VisualStudioVersion = 17.0.31903.59
MinimumVisualStudioVersion = 10.0.40219.1
Project("{2150E333-8FDC-42A3-9474-1A3956D46DE8}") = "src", "src", "{758B61E2-9AB6-46BF-B53C-16BD140BF56B}"
EndProject
Project("{FAE04EC0-301F-11D3-BF4B-00C04F79EFBC}") = "Temporalio", "src\Temporalio\Temporalio.csproj", "{7AE1422A-0937-40D7-9A62-431DD0E2F6D5}"
EndProject
Project("{2150E333-8FDC-42A3-9474-1A3956D46DE8}") = "tests", "tests", "{F2683DAA-F157-448E-96C8-DF7BB019886D}"
EndProject
Project("{FAE04EC0-301F-11D3-BF4B-00C04F79EFBC}") = "Temporalio.Tests", "tests\Temporalio.Tests\Temporalio.Tests.csproj", "{D5F245E2-73A2-49C6-8C52-FBE892E87169}"
EndProject
Global
	GlobalSection(SolutionConfigurationPlatforms) = preSolution
		Debug|Any CPU = Debug|Any CPU
		Release|Any CPU = Release|Any CPU
	EndGlobalSection
	GlobalSection(SolutionProperties) = preSolution
		HideSolutionNode = FALSE
	EndGlobalSection
	GlobalSection(ProjectConfigurationPlatforms) = postSolution
		{7AE1422A-0937-40D7-9A62-431DD0E2F6D5}.Debug|Any CPU.ActiveCfg = Debug|Any CPU
		{7AE1422A-0937-40D7-9A62-431DD0E2F6D5}.Debug|Any CPU.Build.0 = Debug|Any CPU
		{7AE1422A-0937-40D7-9A62-431DD0E2F6D5}.Release|Any CPU.ActiveCfg = Release|Any CPU
		{7AE1422A-0937-40D7-9A62-431DD0E2F6D5}.Release|Any CPU.Build.0 = Release|Any CPU
		{D5F245E2-73A2-49C6-8C52-FBE892E87169}.Debug|Any CPU.ActiveCfg = Debug|Any CPU
		{D5F245E2-73A2-49C6-8C52-FBE892E87169}.Debug|Any CPU.Build.0 = Debug|Any CPU
		{D5F245E2-73A2-49C6-8C52-FBE892E87169}.Release|Any CPU.ActiveCfg = Release|Any CPU
		{D5F245E2-73A2-49C6-8C52-FBE892E87169}.Release|Any CPU.Build.0 = Release|Any CPU
	EndGlobalSection
	GlobalSection(NestedProjects) = preSolution
		{7AE1422A-0937-40D7-9A62-431DD0E2F6D5} = {758B61E2-9AB6-46BF-B53C-16BD140BF56B}
		{D5F245E2-73A2-49C6-8C52-FBE892E87169} = {F2683DAA-F157-448E-96C8-DF7BB019886D}
	EndGlobalSection
EndGlobal
