{
  "version": 2,
  "dependencies": {
    "net10.0": {
      "Microsoft.Extensions.Logging": {
        "type": "Direct",
        "requested": "[10.0.10, )",
        "resolved": "10.0.10",
        "contentHash": "Tf6z5HsL0VDYRTfvsoNrTGHGheCwkTsZBA2FFh5ATJUbkAwug+FFNISJK2gjpUNemlAOoWllAK52HOWCjto3EQ==",
        "dependencies": {
          "Microsoft.Extensions.DependencyInjection": "10.0.10",
          "Microsoft.Extensions.Logging.Abstractions": "10.0.10",
          "Microsoft.Extensions.Options": "10.0.10"
        }
      },
      "Microsoft.Extensions.Logging.Console": {
        "type": "Direct",
        "requested": "[10.0.10, )",
        "resolved": "10.0.10",
        "contentHash": "VIlNzPwPS0GeQVSmCqqo36ugryX3LpE9ul6gEkks5VLET3weH/XMLeWmclwfoGn4Nxi2mwVibB+OZBVJ9tDqvg==",
        "dependencies": {
          "Microsoft.Extensions.DependencyInjection.Abstractions": "10.0.10",
          "Microsoft.Extensions.Logging": "10.0.10",
          "Microsoft.Extensions.Logging.Abstractions": "10.0.10",
          "Microsoft.Extensions.Logging.Configuration": "10.0.10",
          "Microsoft.Extensions.Options": "10.0.10"
        }
      },
      "Microsoft.VisualStudio.Threading.Analyzers": {
        "type": "Direct",
        "requested": "[18.7.23, )",
        "resolved": "18.7.23",
        "contentHash": "dyj6z8m+LFjpeH69hdnciCcRCmD0YgMlvuQEywiEshjqj/blgQ+PuWX8Vd5gkWQFoBN4e+TFxx6DvGNSv/gIKg=="
      },
      "StyleCop.Analyzers": {
        "type": "Direct",
        "requested": "[1.2.0-beta.435, )",
        "resolved": "1.2.0-beta.435",
        "contentHash": "TADk7vdGXtfTnYCV7GyleaaRTQjfoSfZXprQrVMm7cSJtJbFc1QIbWPyLvrgrfGdfHbGmUPvaN4ODKNxg2jgPQ==",
        "dependencies": {
          "StyleCop.Analyzers.Unstable": "1.2.0.435"
        }
      },
      "System.CommandLine": {
        "type": "Direct",
        "requested": "[2.0.10, )",
        "resolved": "2.0.10",
        "contentHash": "6i1D6/U3i1f/PiXTt9pDvbJwdXEe0F2DZPup6BHzeIu5yPk/lkFzgtrJnPbj54JWUh8Y9vJeKG/TZIT6MkF8TA=="
      },
      "Microsoft.Extensions.Configuration": {
        "type": "Transitive",
        "resolved": "10.0.10",
        "contentHash": "plJWK2zpWuuyxI8F8s2scx6Je7N1Ajjs6HvYUGKwRnDMWIVIz9FHwAkiT7ASgrvAOd10T0FPVlh9BzAJJME+jg==",
        "dependencies": {
          "Microsoft.Extensions.Configuration.Abstractions": "10.0.10",
          "Microsoft.Extensions.Primitives": "10.0.10"
        }
      },
      "Microsoft.Extensions.Configuration.Abstractions": {
        "type": "Transitive",
        "resolved": "10.0.10",
        "contentHash": "5Vnd2I75DmZCVEjSynIdJ/0EGafgnLQwgR3t2C2/fkjx/nRG+cLwxLLdInoHeCEpkD5K4Ov/g9ZCRYrl4TRsaA==",
        "dependencies": {
          "Microsoft.Extensions.Primitives": "10.0.10"
        }
      },
      "Microsoft.Extensions.Configuration.Binder": {
        "type": "Transitive",
        "resolved": "10.0.10",
        "contentHash": "GqmN2o1CkJvk7uWp+p4CwBYW0w/zfoEbvsiFDbO2G8l1Uz+mrDAbAcZiXhU2lufKPby1cjAUdd5GTWpebYOkOA==",
        "dependencies": {
          "Microsoft.Extensions.Configuration": "10.0.10",
          "Microsoft.Extensions.Configuration.Abstractions": "10.0.10"
        }
      },
      "Microsoft.Extensions.DependencyInjection": {
        "type": "Transitive",
        "resolved": "10.0.10",
        "contentHash": "ANyvsgkNBRvcJh2XLgn8veGmajf+8m0AbKK+HPWdRL1yraSNVVSmQhFntLtdz/C795jxqqup+k05cs/3jZQPOA==",
        "dependencies": {
          "Microsoft.Extensions.DependencyInjection.Abstractions": "10.0.10"
        }
      },
      "Microsoft.Extensions.DependencyInjection.Abstractions": {
        "type": "Transitive",
        "resolved": "10.0.10",
        "contentHash": "z/2xXlFw2aLGjHyEm6E0tQ+In6VfzQzTrtArbQ2c0TQE16ZbyDCMGPvaUT9I0s8rgy9sRWlU2P9waW37qV04qA=="
      },
      "Microsoft.Extensions.Logging.Configuration": {
        "type": "Transitive",
        "resolved": "10.0.10",
        "contentHash": "cLrqxkuEfcilZ8SjK+9KAnpLk9lOoMPaOokF+wRUYie+iUEcdX4/p/+gJkt0BYgWLthjpBUCkVTBI6Kxg0nsOw==",
        "dependencies": {
          "Microsoft.Extensions.Configuration": "10.0.10",
          "Microsoft.Extensions.Configuration.Abstractions": "10.0.10",
          "Microsoft.Extensions.Configuration.Binder": "10.0.10",
          "Microsoft.Extensions.DependencyInjection.Abstractions": "10.0.10",
          "Microsoft.Extensions.Logging": "10.0.10",
          "Microsoft.Extensions.Logging.Abstractions": "10.0.10",
          "Microsoft.Extensions.Options": "10.0.10",
          "Microsoft.Extensions.Options.ConfigurationExtensions": "10.0.10"
        }
      },
      "Microsoft.Extensions.Options": {
        "type": "Transitive",
        "resolved": "10.0.10",
        "contentHash": "srnhnk7nE8krBiIXp71LvBmKBtraBONWSRzdjJgRv1Ko9Mp8IVNqv4vIS9hGeVteBig8aQkva9ZG+sC+o5sVcA==",
        "dependencies": {
          "Microsoft.Extensions.DependencyInjection.Abstractions": "10.0.10",
          "Microsoft.Extensions.Primitives": "10.0.10"
        }
      },
      "Microsoft.Extensions.Options.ConfigurationExtensions": {
        "type": "Transitive",
        "resolved": "10.0.10",
        "contentHash": "tnBmu/LwF25ZQK+HBNCu2xrwnkKoB/XEbJyooGGoYxHrhvxbSKi7eOFiJ4AXBy/QU4vtCvCJfoi8k9Ej72qzOQ==",
        "dependencies": {
          "Microsoft.Extensions.Configuration.Abstractions": "10.0.10",
          "Microsoft.Extensions.Configuration.Binder": "10.0.10",
          "Microsoft.Extensions.DependencyInjection.Abstractions": "10.0.10",
          "Microsoft.Extensions.Options": "10.0.10",
          "Microsoft.Extensions.Primitives": "10.0.10"
        }
      },
      "Microsoft.Extensions.Primitives": {
        "type": "Transitive",
        "resolved": "10.0.10",
        "contentHash": "5wu/GrYVd8mG2DVUw3vFJzF+O336TyTGg/Kmcgw9bfwYhCoFiV5lR5QeEmKecJyrW4W54nMfD3p3589E8a7czQ=="
      },
      "StyleCop.Analyzers.Unstable": {
        "type": "Transitive",
        "resolved": "1.2.0.435",
        "contentHash": "ouwPWZxbOV3SmCZxIRqHvljkSzkCyi1tDoMzQtDb/bRP8ctASV/iRJr+A2Gdj0QLaLmWnqTWDrH82/iP+X80Lg=="
      },
      "temporalio": {
        "type": "Project",
        "dependencies": {
          "Google.Protobuf": "[3.26.1, )",
          "Microsoft.Extensions.Logging.Abstractions": "[2.2.0, )",
          "NexusRpc": "[0.4.0, )"
        }
      },
      "Google.Protobuf": {
        "type": "CentralTransitive",
        "requested": "[3.26.1, )",
        "resolved": "3.26.1",
        "contentHash": "CHZX8zXqhF/fdUtd+AYzew8T2HFkAoe5c7lbGxZY/qryAlQXckDvM5BfOJjXlMS7kyICqQTMszj4w1bX5uBJ/w=="
      },
      "Microsoft.Extensions.Logging.Abstractions": {
        "type": "CentralTransitive",
        "requested": "[2.2.0, )",
        "resolved": "10.0.10",
        "contentHash": "zkFxGYUvdxAvIKTyXHrmW+Sux53D4SezD9dMyZ6hrwwzPQJNuwCRy1f5W7AvYTqacEGhWF2XderRQG1OvbV8og==",
        "dependencies": {
          "Microsoft.Extensions.DependencyInjection.Abstractions": "10.0.10"
        }
      },
      "NexusRpc": {
        "type": "CentralTransitive",
        "requested": "[0.4.0, )",
        "resolved": "0.4.0",
        "contentHash": "2cdRtmwT/vskWqJvojODvR7CpRhLWAnCeVT5Z8sPdRDX8P/Ywpw48T2lqgqhxM8JROfoflHzhSiXo4h1ln3/MQ=="
      }
    }
  }
}