
Microsoft Visual Studio Solution File, Format Version 12.00
# Visual Studio Version 17
VisualStudioVersion = 17.1.32210.238
MinimumVisualStudioVersion = 10.0.40219.1
Project("{9A19103F-16F7-4668-BE54-9A1E7A4F7556}") = "Temporal.Sdk.Common", "SDK\Common\Temporal.Sdk.Common.csproj", "{18BA3642-DC0A-46C0-89E7-1C4603B3D798}"
EndProject
Project("{9A19103F-16F7-4668-BE54-9A1E7A4F7556}") = "Temporal.Sdk.WorkflowClient", "SDK\WorkflowClient\Temporal.Sdk.WorkflowClient.csproj", "{9C0B965E-2994-403F-9428-6F290C698601}"
EndProject
Project("{2150E333-8FDC-42A3-9474-1A3956D46DE8}") = "_Repo", "_Repo", "{1F96769B-B8F3-4D14-85D0-F1DA754B6572}"
	ProjectSection(SolutionItems) = preProject
		..\.EnlistmentRoot.marker = ..\.EnlistmentRoot.marker
		..\.gitignore = ..\.gitignore
		..\Directory.Build.props = ..\Directory.Build.props
		..\LICENSE = ..\LICENSE
		..\README.md = ..\README.md
		..\RepoAndBuild-DirectoryStructure.props = ..\RepoAndBuild-DirectoryStructure.props
	EndProjectSection
EndProject
Project("{2150E333-8FDC-42A3-9474-1A3956D46DE8}") = "Src", "Src", "{FF933DEC-86A3-4061-B431-623D75560363}"
	ProjectSection(SolutionItems) = preProject
		.editorconfig = .editorconfig
		.SrcRoot.marker = .SrcRoot.marker
		CodeAnalysis.props = CodeAnalysis.props
		Directory.Build.props = Directory.Build.props
		NuGet.config = NuGet.config
	EndProjectSection
EndProject
Project("{2150E333-8FDC-42A3-9474-1A3956D46DE8}") = "SDK", "SDK", "{6828F816-FE61-4832-9E67-9813C33F2587}"
	ProjectSection(SolutionItems) = preProject
		SDK\Directory.Build.props = SDK\Directory.Build.props
		SDK\ProductVersion.props = SDK\ProductVersion.props
	EndProjectSection
EndProject
Project("{2150E333-8FDC-42A3-9474-1A3956D46DE8}") = "Scratchpad", "Scratchpad", "{D2B8637C-F9D7-4743-BC3A-F3DEF453ACAD}"
	ProjectSection(SolutionItems) = preProject
		Scratchpad\.editorconfig = Scratchpad\.editorconfig
		Scratchpad\Directory.Build.props = Scratchpad\Directory.Build.props
		Scratchpad\Temporal.Sdk.Scratchpad.sln = Scratchpad\Temporal.Sdk.Scratchpad.sln
	EndProjectSection
EndProject
Project("{9A19103F-16F7-4668-BE54-9A1E7A4F7556}") = "Temporal.Api.Client.ManagedGrpc", "SDK\Api.Client.ManagedGrpc\Temporal.Api.Client.ManagedGrpc.csproj", "{3C704CCD-3EF6-4768-9BF7-A6B2E844749C}"
EndProject
Project("{9A19103F-16F7-4668-BE54-9A1E7A4F7556}") = "AdHocScenarios", "Demos\AdHocScenarios\AdHocScenarios.csproj", "{914A1A6B-4330-4A53-9684-B6A03ADED9E1}"
EndProject
Project("{2150E333-8FDC-42A3-9474-1A3956D46DE8}") = "SDK", "SDK", "{3244B9EC-46D1-4FDC-888F-6BB3CF2D7793}"
EndProject
Project("{2150E333-8FDC-42A3-9474-1A3956D46DE8}") = "Demos", "Demos", "{23DB6A06-E0D0-4652-BA36-CB26DE6ABD5F}"
EndProject
Project("{2150E333-8FDC-42A3-9474-1A3956D46DE8}") = "Shared", "Shared", "{E3E0E0E6-1584-4548-99A8-36EB2AF2D734}"
EndProject
Project("{2150E333-8FDC-42A3-9474-1A3956D46DE8}") = "Managed-Src", "Managed-Src", "{D5032D09-C116-4821-A17F-48A877FD2DF6}"
	ProjectSection(SolutionItems) = preProject
		Shared\Managed-Src\README.md = Shared\Managed-Src\README.md
	EndProjectSection
EndProject
Project("{2150E333-8FDC-42A3-9474-1A3956D46DE8}") = "Samples", "Samples", "{358405B5-48F0-4CFF-8634-4FB0424EBCF5}"
EndProject
Project("{9A19103F-16F7-4668-BE54-9A1E7A4F7556}") = "Temporal.Sdk.WorkflowClient.UsageSamples", "Samples\WorkflowClient.UsageSamples\Temporal.Sdk.WorkflowClient.UsageSamples.csproj", "{1D783A90-4558-420E-BE15-7B4A8567DF14}"
EndProject
Project("{2150E333-8FDC-42A3-9474-1A3956D46DE8}") = "Test", "Test", "{95CBC63E-CFB0-4AE1-AAB7-440E68DBFA2E}"
EndProject
Project("{2150E333-8FDC-42A3-9474-1A3956D46DE8}") = "SDK", "SDK", "{723CF6E1-998A-4A83-8331-67028EAF0083}"
EndProject
Project("{9A19103F-16F7-4668-BE54-9A1E7A4F7556}") = "Temporal.Sdk.WorkflowClient.Test.Int", "Test\SDK\WorkflowClient\Temporal.Sdk.WorkflowClient.Test.Int.csproj", "{88B8C081-09B2-4491-ACB8-A3FE325CFFBD}"
EndProject
Project("{2150E333-8FDC-42A3-9474-1A3956D46DE8}") = "Test", "Test", "{AE43949A-DDBC-463B-81EE-A48424E96AB4}"
	ProjectSection(SolutionItems) = preProject
		Test\Directory.Build.props = Test\Directory.Build.props
		Test\Temporal.Sdk.Test.Int.Automation.sln = Test\Temporal.Sdk.Test.Int.Automation.sln
		Test\Temporal.Sdk.Test.Unit.Automation.sln = Test\Temporal.Sdk.Test.Unit.Automation.sln
	EndProjectSection
EndProject
Project("{2150E333-8FDC-42A3-9474-1A3956D46DE8}") = ".github", ".github", "{AF4E5CEC-DA7A-4FAE-893E-90693DA97DFE}"
	ProjectSection(SolutionItems) = preProject
		..\.github\dependabot.yml = ..\.github\dependabot.yml
		..\.github\pull_request_template.md = ..\.github\pull_request_template.md
	EndProjectSection
EndProject
Project("{2150E333-8FDC-42A3-9474-1A3956D46DE8}") = "workflows", "workflows", "{517D116B-34FC-4824-BC0D-B710367C1A47}"
	ProjectSection(SolutionItems) = preProject
		..\.github\workflows\build-and-test-client-sdk.yml = ..\.github\workflows\build-and-test-client-sdk.yml
		..\.github\workflows\client-sdk-test-report.yml = ..\.github\workflows\client-sdk-test-report.yml
	EndProjectSection
EndProject
Project("{9A19103F-16F7-4668-BE54-9A1E7A4F7556}") = "Temporal.Sdk.Common.Test.Unit", "Test\SDK\Common\Temporal.Sdk.Common.Test.Unit.csproj", "{E3F286FE-170B-4FB0-B32B-89E2E6493758}"
EndProject
Project("{2150E333-8FDC-42A3-9474-1A3956D46DE8}") = "Doc", "Doc", "{9D4F6D41-EE7D-4261-B963-B19568A3BBB9}"
EndProject
Project("{9A19103F-16F7-4668-BE54-9A1E7A4F7556}") = "DocFxGenerator-A-Prepare", "DocGen\DocFxGenerator-A-Prepare.csproj", "{AFFEA009-00EF-425B-9C85-FC49DF70DC08}"
EndProject
Project("{9A19103F-16F7-4668-BE54-9A1E7A4F7556}") = "DocFxGenerator-B-NetFx462", "DocGen\DocFxGenerator-B-NetFx462.csproj", "{88C72557-FEE2-4B95-A7D9-01BA289E3B45}"
EndProject
Project("{9A19103F-16F7-4668-BE54-9A1E7A4F7556}") = "DocFxGenerator-C-NetCoreApp31", "DocGen\DocFxGenerator-C-NetCoreApp31.csproj", "{EB086238-5816-431C-8160-065E424D03A0}"
EndProject
Project("{9A19103F-16F7-4668-BE54-9A1E7A4F7556}") = "DocFxGenerator-D-Net6", "DocGen\DocFxGenerator-D-Net6.csproj", "{F42B693B-83D2-4185-9426-95B2F4140B21}"
EndProject
Project("{9A19103F-16F7-4668-BE54-9A1E7A4F7556}") = "DocFxGenerator-X-BuildAll", "DocGen\DocFxGenerator-X-BuildAll.csproj", "{23741D41-E468-41C7-BC59-04A33E3EF50E}"
EndProject
Project("{9A19103F-16F7-4668-BE54-9A1E7A4F7556}") = "DocFxGenerator-E-Cleanup", "DocGen\DocFxGenerator-E-Cleanup.csproj", "{F651D5FE-B60E-47FD-A6EE-68A5AE028BED}"
EndProject
Global
	GlobalSection(SolutionConfigurationPlatforms) = preSolution
		Debug|Any CPU = Debug|Any CPU
		Release|Any CPU = Release|Any CPU
	EndGlobalSection
	GlobalSection(ProjectConfigurationPlatforms) = postSolution
		{18BA3642-DC0A-46C0-89E7-1C4603B3D798}.Debug|Any CPU.ActiveCfg = Debug|Any CPU
		{18BA3642-DC0A-46C0-89E7-1C4603B3D798}.Debug|Any CPU.Build.0 = Debug|Any CPU
		{18BA3642-DC0A-46C0-89E7-1C4603B3D798}.Release|Any CPU.ActiveCfg = Release|Any CPU
		{18BA3642-DC0A-46C0-89E7-1C4603B3D798}.Release|Any CPU.Build.0 = Release|Any CPU
		{9C0B965E-2994-403F-9428-6F290C698601}.Debug|Any CPU.ActiveCfg = Debug|Any CPU
		{9C0B965E-2994-403F-9428-6F290C698601}.Debug|Any CPU.Build.0 = Debug|Any CPU
		{9C0B965E-2994-403F-9428-6F290C698601}.Release|Any CPU.ActiveCfg = Release|Any CPU
		{9C0B965E-2994-403F-9428-6F290C698601}.Release|Any CPU.Build.0 = Release|Any CPU
		{3C704CCD-3EF6-4768-9BF7-A6B2E844749C}.Debug|Any CPU.ActiveCfg = Debug|Any CPU
		{3C704CCD-3EF6-4768-9BF7-A6B2E844749C}.Debug|Any CPU.Build.0 = Debug|Any CPU
		{3C704CCD-3EF6-4768-9BF7-A6B2E844749C}.Release|Any CPU.ActiveCfg = Release|Any CPU
		{3C704CCD-3EF6-4768-9BF7-A6B2E844749C}.Release|Any CPU.Build.0 = Release|Any CPU
		{914A1A6B-4330-4A53-9684-B6A03ADED9E1}.Debug|Any CPU.ActiveCfg = Debug|Any CPU
		{914A1A6B-4330-4A53-9684-B6A03ADED9E1}.Debug|Any CPU.Build.0 = Debug|Any CPU
		{914A1A6B-4330-4A53-9684-B6A03ADED9E1}.Release|Any CPU.ActiveCfg = Release|Any CPU
		{914A1A6B-4330-4A53-9684-B6A03ADED9E1}.Release|Any CPU.Build.0 = Release|Any CPU
		{1D783A90-4558-420E-BE15-7B4A8567DF14}.Debug|Any CPU.ActiveCfg = Debug|Any CPU
		{1D783A90-4558-420E-BE15-7B4A8567DF14}.Debug|Any CPU.Build.0 = Debug|Any CPU
		{1D783A90-4558-420E-BE15-7B4A8567DF14}.Release|Any CPU.ActiveCfg = Release|Any CPU
		{1D783A90-4558-420E-BE15-7B4A8567DF14}.Release|Any CPU.Build.0 = Release|Any CPU
		{88B8C081-09B2-4491-ACB8-A3FE325CFFBD}.Debug|Any CPU.ActiveCfg = Debug|Any CPU
		{88B8C081-09B2-4491-ACB8-A3FE325CFFBD}.Debug|Any CPU.Build.0 = Debug|Any CPU
		{88B8C081-09B2-4491-ACB8-A3FE325CFFBD}.Release|Any CPU.ActiveCfg = Release|Any CPU
		{88B8C081-09B2-4491-ACB8-A3FE325CFFBD}.Release|Any CPU.Build.0 = Release|Any CPU
		{E3F286FE-170B-4FB0-B32B-89E2E6493758}.Debug|Any CPU.ActiveCfg = Debug|Any CPU
		{E3F286FE-170B-4FB0-B32B-89E2E6493758}.Debug|Any CPU.Build.0 = Debug|Any CPU
		{E3F286FE-170B-4FB0-B32B-89E2E6493758}.Release|Any CPU.ActiveCfg = Release|Any CPU
		{E3F286FE-170B-4FB0-B32B-89E2E6493758}.Release|Any CPU.Build.0 = Release|Any CPU
		{AFFEA009-00EF-425B-9C85-FC49DF70DC08}.Debug|Any CPU.ActiveCfg = Debug|Any CPU
		{AFFEA009-00EF-425B-9C85-FC49DF70DC08}.Debug|Any CPU.Build.0 = Debug|Any CPU
		{AFFEA009-00EF-425B-9C85-FC49DF70DC08}.Release|Any CPU.ActiveCfg = Release|Any CPU
		{AFFEA009-00EF-425B-9C85-FC49DF70DC08}.Release|Any CPU.Build.0 = Release|Any CPU
		{88C72557-FEE2-4B95-A7D9-01BA289E3B45}.Debug|Any CPU.ActiveCfg = Debug|Any CPU
		{88C72557-FEE2-4B95-A7D9-01BA289E3B45}.Debug|Any CPU.Build.0 = Debug|Any CPU
		{88C72557-FEE2-4B95-A7D9-01BA289E3B45}.Release|Any CPU.ActiveCfg = Release|Any CPU
		{88C72557-FEE2-4B95-A7D9-01BA289E3B45}.Release|Any CPU.Build.0 = Release|Any CPU
		{EB086238-5816-431C-8160-065E424D03A0}.Debug|Any CPU.ActiveCfg = Debug|Any CPU
		{EB086238-5816-431C-8160-065E424D03A0}.Debug|Any CPU.Build.0 = Debug|Any CPU
		{EB086238-5816-431C-8160-065E424D03A0}.Release|Any CPU.ActiveCfg = Release|Any CPU
		{EB086238-5816-431C-8160-065E424D03A0}.Release|Any CPU.Build.0 = Release|Any CPU
		{F42B693B-83D2-4185-9426-95B2F4140B21}.Debug|Any CPU.ActiveCfg = Debug|Any CPU
		{F42B693B-83D2-4185-9426-95B2F4140B21}.Debug|Any CPU.Build.0 = Debug|Any CPU
		{F42B693B-83D2-4185-9426-95B2F4140B21}.Release|Any CPU.ActiveCfg = Release|Any CPU
		{F42B693B-83D2-4185-9426-95B2F4140B21}.Release|Any CPU.Build.0 = Release|Any CPU
		{23741D41-E468-41C7-BC59-04A33E3EF50E}.Debug|Any CPU.ActiveCfg = Debug|Any CPU
		{23741D41-E468-41C7-BC59-04A33E3EF50E}.Debug|Any CPU.Build.0 = Debug|Any CPU
		{23741D41-E468-41C7-BC59-04A33E3EF50E}.Release|Any CPU.ActiveCfg = Release|Any CPU
		{23741D41-E468-41C7-BC59-04A33E3EF50E}.Release|Any CPU.Build.0 = Release|Any CPU
		{F651D5FE-B60E-47FD-A6EE-68A5AE028BED}.Debug|Any CPU.ActiveCfg = Debug|Any CPU
		{F651D5FE-B60E-47FD-A6EE-68A5AE028BED}.Debug|Any CPU.Build.0 = Debug|Any CPU
		{F651D5FE-B60E-47FD-A6EE-68A5AE028BED}.Release|Any CPU.ActiveCfg = Release|Any CPU
		{F651D5FE-B60E-47FD-A6EE-68A5AE028BED}.Release|Any CPU.Build.0 = Release|Any CPU
	EndGlobalSection
	GlobalSection(SolutionProperties) = preSolution
		HideSolutionNode = FALSE
	EndGlobalSection
	GlobalSection(NestedProjects) = preSolution
		{18BA3642-DC0A-46C0-89E7-1C4603B3D798} = {3244B9EC-46D1-4FDC-888F-6BB3CF2D7793}
		{9C0B965E-2994-403F-9428-6F290C698601} = {3244B9EC-46D1-4FDC-888F-6BB3CF2D7793}
		{FF933DEC-86A3-4061-B431-623D75560363} = {1F96769B-B8F3-4D14-85D0-F1DA754B6572}
		{6828F816-FE61-4832-9E67-9813C33F2587} = {FF933DEC-86A3-4061-B431-623D75560363}
		{D2B8637C-F9D7-4743-BC3A-F3DEF453ACAD} = {FF933DEC-86A3-4061-B431-623D75560363}
		{3C704CCD-3EF6-4768-9BF7-A6B2E844749C} = {3244B9EC-46D1-4FDC-888F-6BB3CF2D7793}
		{914A1A6B-4330-4A53-9684-B6A03ADED9E1} = {23DB6A06-E0D0-4652-BA36-CB26DE6ABD5F}
		{E3E0E0E6-1584-4548-99A8-36EB2AF2D734} = {FF933DEC-86A3-4061-B431-623D75560363}
		{D5032D09-C116-4821-A17F-48A877FD2DF6} = {E3E0E0E6-1584-4548-99A8-36EB2AF2D734}
		{1D783A90-4558-420E-BE15-7B4A8567DF14} = {358405B5-48F0-4CFF-8634-4FB0424EBCF5}
		{723CF6E1-998A-4A83-8331-67028EAF0083} = {95CBC63E-CFB0-4AE1-AAB7-440E68DBFA2E}
		{88B8C081-09B2-4491-ACB8-A3FE325CFFBD} = {723CF6E1-998A-4A83-8331-67028EAF0083}
		{AE43949A-DDBC-463B-81EE-A48424E96AB4} = {FF933DEC-86A3-4061-B431-623D75560363}
		{AF4E5CEC-DA7A-4FAE-893E-90693DA97DFE} = {1F96769B-B8F3-4D14-85D0-F1DA754B6572}
		{517D116B-34FC-4824-BC0D-B710367C1A47} = {AF4E5CEC-DA7A-4FAE-893E-90693DA97DFE}
		{E3F286FE-170B-4FB0-B32B-89E2E6493758} = {723CF6E1-998A-4A83-8331-67028EAF0083}
		{AFFEA009-00EF-425B-9C85-FC49DF70DC08} = {9D4F6D41-EE7D-4261-B963-B19568A3BBB9}
		{88C72557-FEE2-4B95-A7D9-01BA289E3B45} = {9D4F6D41-EE7D-4261-B963-B19568A3BBB9}
		{EB086238-5816-431C-8160-065E424D03A0} = {9D4F6D41-EE7D-4261-B963-B19568A3BBB9}
		{F42B693B-83D2-4185-9426-95B2F4140B21} = {9D4F6D41-EE7D-4261-B963-B19568A3BBB9}
		{23741D41-E468-41C7-BC59-04A33E3EF50E} = {9D4F6D41-EE7D-4261-B963-B19568A3BBB9}
		{F651D5FE-B60E-47FD-A6EE-68A5AE028BED} = {9D4F6D41-EE7D-4261-B963-B19568A3BBB9}
	EndGlobalSection
	GlobalSection(ExtensibilityGlobals) = postSolution
		SolutionGuid = {E8142887-814F-45CE-9A2D-B4F6E5B752A8}
	EndGlobalSection
EndGlobal
